Microsoft Visual Studio Solution File, Format Version 12.00
# Visual Studio 14
VisualStudioVersion = 14.0.25420.1
MinimumVisualStudioVersion = 10.0.40219.1
Project("{FAE04EC0-301F-11D3-BF4B-00C04F79EFBC}") = "WorldStreetsRenderLayerSample", "WorldStreetsRenderLayerSample\WorldStreetsRenderLayerSample.csproj", "{958CFB4D-B515-430A-ADAD-629EB662B80E}"
EndProject
Project("{FAE04EC0-301F-11D3-BF4B-00C04F79EFBC}") = "WorldStreetsRenderer", "WorldStreetsRenderer\WorldStreetsRenderer.csproj", "{E72CD836-485D-40F7-8E96-3C4C163C1A2F}"
EndProject
Global
	GlobalSection(SolutionConfigurationPlatforms) = preSolution
		Debug|Any CPU = Debug|Any CPU
		Debug|x86 = Debug|x86
		GISEditorUnitTest|Any CPU = GISEditorUnitTest|Any CPU
		GISEditorUnitTest|x86 = GISEditorUnitTest|x86
		Production|Any CPU = Production|Any CPU
		Production|x86 = Production|x86
		Release|Any CPU = Release|Any CPU
		Release|x86 = Release|x86
	EndGlobalSection
	GlobalSection(ProjectConfigurationPlatforms) = postSolution
		{958CFB4D-B515-430A-ADAD-629EB662B80E}.Debug|Any CPU.ActiveCfg = Debug|Any CPU
		{958CFB4D-B515-430A-ADAD-629EB662B80E}.Debug|Any CPU.Build.0 = Debug|Any CPU
		{958CFB4D-B515-430A-ADAD-629EB662B80E}.Debug|x86.ActiveCfg = Debug|Any CPU
		{958CFB4D-B515-430A-ADAD-629EB662B80E}.Debug|x86.Build.0 = Debug|Any CPU
		{958CFB4D-B515-430A-ADAD-629EB662B80E}.GISEditorUnitTest|Any CPU.ActiveCfg = Release|Any CPU
		{958CFB4D-B515-430A-ADAD-629EB662B80E}.GISEditorUnitTest|Any CPU.Build.0 = Release|Any CPU
		{958CFB4D-B515-430A-ADAD-629EB662B80E}.GISEditorUnitTest|x86.ActiveCfg = Release|Any CPU
		{958CFB4D-B515-430A-ADAD-629EB662B80E}.GISEditorUnitTest|x86.Build.0 = Release|Any CPU
		{958CFB4D-B515-430A-ADAD-629EB662B80E}.Production|Any CPU.ActiveCfg = Release|Any CPU
		{958CFB4D-B515-430A-ADAD-629EB662B80E}.Production|Any CPU.Build.0 = Release|Any CPU
		{958CFB4D-B515-430A-ADAD-629EB662B80E}.Production|x86.ActiveCfg = Release|Any CPU
		{958CFB4D-B515-430A-ADAD-629EB662B80E}.Production|x86.Build.0 = Release|Any CPU
		{958CFB4D-B515-430A-ADAD-629EB662B80E}.Release|Any CPU.ActiveCfg = Release|Any CPU
		{958CFB4D-B515-430A-ADAD-629EB662B80E}.Release|Any CPU.Build.0 = Release|Any CPU
		{958CFB4D-B515-430A-ADAD-629EB662B80E}.Release|x86.ActiveCfg = Release|Any CPU
		{958CFB4D-B515-430A-ADAD-629EB662B80E}.Release|x86.Build.0 = Release|Any CPU
		{E72CD836-485D-40F7-8E96-3C4C163C1A2F}.Debug|Any CPU.ActiveCfg = Debug|Any CPU
		{E72CD836-485D-40F7-8E96-3C4C163C1A2F}.Debug|Any CPU.Build.0 = Debug|Any CPU
		{E72CD836-485D-40F7-8E96-3C4C163C1A2F}.Debug|x86.ActiveCfg = Debug|Any CPU
		{E72CD836-485D-40F7-8E96-3C4C163C1A2F}.Debug|x86.Build.0 = Debug|Any CPU
		{E72CD836-485D-40F7-8E96-3C4C163C1A2F}.GISEditorUnitTest|Any CPU.ActiveCfg = Release|Any CPU
		{E72CD836-485D-40F7-8E96-3C4C163C1A2F}.GISEditorUnitTest|Any CPU.Build.0 = Release|Any CPU
		{E72CD836-485D-40F7-8E96-3C4C163C1A2F}.GISEditorUnitTest|x86.ActiveCfg = Release|Any CPU
		{E72CD836-485D-40F7-8E96-3C4C163C1A2F}.GISEditorUnitTest|x86.Build.0 = Release|Any CPU
		{E72CD836-485D-40F7-8E96-3C4C163C1A2F}.Production|Any CPU.ActiveCfg = Release|Any CPU
		{E72CD836-485D-40F7-8E96-3C4C163C1A2F}.Production|Any CPU.Build.0 = Release|Any CPU
		{E72CD836-485D-40F7-8E96-3C4C163C1A2F}.Production|x86.ActiveCfg = Release|Any CPU
		{E72CD836-485D-40F7-8E96-3C4C163C1A2F}.Production|x86.Build.0 = Release|Any CPU
		{E72CD836-485D-40F7-8E96-3C4C163C1A2F}.Release|Any CPU.ActiveCfg = Release|Any CPU
		{E72CD836-485D-40F7-8E96-3C4C163C1A2F}.Release|Any CPU.Build.0 = Release|Any CPU
		{E72CD836-485D-40F7-8E96-3C4C163C1A2F}.Release|x86.ActiveCfg = Release|Any CPU
		{E72CD836-485D-40F7-8E96-3C4C163C1A2F}.Release|x86.Build.0 = Release|Any CPU
	EndGlobalSection
	GlobalSection(SolutionProperties) = preSolution
		HideSolutionNode = FALSE
	EndGlobalSection
EndGlobal
